{
  "name": "frontend",
  "version": "1.0.0",
  "lockfileVersion": 1,
  "requires": true,
  "dependencies": {
    "geometry-web-worker": {
      "version": "0.0.3",
      "resolved": "https://registry.npmjs.org/geometry-web-worker/-/geometry-web-worker-0.0.3.tgz",
      "integrity": "sha512-42JNCVfKozJI6sRqg7jSy1Z8EjtEmt9UF7ZceptFR+swiQ4aOb3smx239sgOoZj/7pOOBspn/XsWu1VrnjrhwA=="
    },
    "ol-themes-ext": {
      "version": "0.0.3",
      "resolved": "https://registry.npmjs.org/ol-themes-ext/-/ol-themes-ext-0.0.3.tgz",
      "integrity": "sha512-PFDUS3qjCBT1Zt/R4JjzcqmCSN8nCTSse1t+Tk7U56A1Nn3rg+5AZ7Ct5NwqXitRayvgdwO3jQi5r6/XdvbwIg=="
    }
  }
}
