
Microsoft Visual Studio Solution File, Format Version 12.00
# Visual Studio Version 16
VisualStudioVersion = 16.0.30907.101
MinimumVisualStudioVersion = 10.0.40219.1
Project("{9A19103F-16F7-4668-BE54-9A1E7A4F7556}") = "WebAPI", "WebAPI\WebAPI.csproj", "{ECD180E8-B68B-4D89-ADF4-9010947E2C62}"
EndProject
Project("{9A19103F-16F7-4668-BE54-9A1E7A4F7556}") = "DAL", "DAL\DAL.csproj", "{5011D4C9-38CD-48A0-AF6E-B62DFB66F37B}"
EndProject
Project("{9A19103F-16F7-4668-BE54-9A1E7A4F7556}") = "Util", "Util\Util.csproj", "{2F4FC0F8-2C8F-44F7-88CB-7829991E611F}"
EndProject
Project("{9A19103F-16F7-4668-BE54-9A1E7A4F7556}") = "Tests", "Tests\Tests.csproj", "{354F19ED-9AC2-4271-8F11-A8B06A20D619}"
EndProject
Project("{9A19103F-16F7-4668-BE54-9A1E7A4F7556}") = "Business", "Business\Business.csproj", "{69B9FBD3-5AB9-4402-999F-627C8AE4FBF1}"
EndProject
Project("{9A19103F-16F7-4668-BE54-9A1E7A4F7556}") = "DatabaseDeployment", "Database Deployment\DatabaseDeployment.csproj", "{F3CC9ABA-1975-4190-ACEE-2FC90F8ABD76}"
EndProject
Global
	GlobalSection(SolutionConfigurationPlatforms) = preSolution
		Debug|Any CPU = Debug|Any CPU
		Local Development|Any CPU = Local Development|Any CPU
		Release|Any CPU = Release|Any CPU
	EndGlobalSection
	GlobalSection(ProjectConfigurationPlatforms) = postSolution
		{ECD180E8-B68B-4D89-ADF4-9010947E2C62}.Debug|Any CPU.ActiveCfg = Debug|Any CPU
		{ECD180E8-B68B-4D89-ADF4-9010947E2C62}.Debug|Any CPU.Build.0 = Debug|Any CPU
		{ECD180E8-B68B-4D89-ADF4-9010947E2C62}.Local Development|Any CPU.ActiveCfg = Release|Any CPU
		{ECD180E8-B68B-4D89-ADF4-9010947E2C62}.Local Development|Any CPU.Build.0 = Release|Any CPU
		{ECD180E8-B68B-4D89-ADF4-9010947E2C62}.Release|Any CPU.ActiveCfg = Release|Any CPU
		{ECD180E8-B68B-4D89-ADF4-9010947E2C62}.Release|Any CPU.Build.0 = Release|Any CPU
		{5011D4C9-38CD-48A0-AF6E-B62DFB66F37B}.Debug|Any CPU.ActiveCfg = Debug|Any CPU
		{5011D4C9-38CD-48A0-AF6E-B62DFB66F37B}.Debug|Any CPU.Build.0 = Debug|Any CPU
		{5011D4C9-38CD-48A0-AF6E-B62DFB66F37B}.Local Development|Any CPU.ActiveCfg = Local Development|Any CPU
		{5011D4C9-38CD-48A0-AF6E-B62DFB66F37B}.Local Development|Any CPU.Build.0 = Local Development|Any CPU
		{5011D4C9-38CD-48A0-AF6E-B62DFB66F37B}.Release|Any CPU.ActiveCfg = Release|Any CPU
		{5011D4C9-38CD-48A0-AF6E-B62DFB66F37B}.Release|Any CPU.Build.0 = Release|Any CPU
		{2F4FC0F8-2C8F-44F7-88CB-7829991E611F}.Debug|Any CPU.ActiveCfg = Debug|Any CPU
		{2F4FC0F8-2C8F-44F7-88CB-7829991E611F}.Debug|Any CPU.Build.0 = Debug|Any CPU
		{2F4FC0F8-2C8F-44F7-88CB-7829991E611F}.Local Development|Any CPU.ActiveCfg = Debug|Any CPU
		{2F4FC0F8-2C8F-44F7-88CB-7829991E611F}.Local Development|Any CPU.Build.0 = Debug|Any CPU
		{2F4FC0F8-2C8F-44F7-88CB-7829991E611F}.Release|Any CPU.ActiveCfg = Release|Any CPU
		{2F4FC0F8-2C8F-44F7-88CB-7829991E611F}.Release|Any CPU.Build.0 = Release|Any CPU
		{354F19ED-9AC2-4271-8F11-A8B06A20D619}.Debug|Any CPU.ActiveCfg = Debug|Any CPU
		{354F19ED-9AC2-4271-8F11-A8B06A20D619}.Debug|Any CPU.Build.0 = Debug|Any CPU
		{354F19ED-9AC2-4271-8F11-A8B06A20D619}.Local Development|Any CPU.ActiveCfg = Debug|Any CPU
		{354F19ED-9AC2-4271-8F11-A8B06A20D619}.Local Development|Any CPU.Build.0 = Debug|Any CPU
		{354F19ED-9AC2-4271-8F11-A8B06A20D619}.Release|Any CPU.ActiveCfg = Release|Any CPU
		{354F19ED-9AC2-4271-8F11-A8B06A20D619}.Release|Any CPU.Build.0 = Release|Any CPU
		{69B9FBD3-5AB9-4402-999F-627C8AE4FBF1}.Debug|Any CPU.ActiveCfg = Debug|Any CPU
		{69B9FBD3-5AB9-4402-999F-627C8AE4FBF1}.Debug|Any CPU.Build.0 = Debug|Any CPU
		{69B9FBD3-5AB9-4402-999F-627C8AE4FBF1}.Local Development|Any CPU.ActiveCfg = Debug|Any CPU
		{69B9FBD3-5AB9-4402-999F-627C8AE4FBF1}.Local Development|Any CPU.Build.0 = Debug|Any CPU
		{69B9FBD3-5AB9-4402-999F-627C8AE4FBF1}.Release|Any CPU.ActiveCfg = Release|Any CPU
		{69B9FBD3-5AB9-4402-999F-627C8AE4FBF1}.Release|Any CPU.Build.0 = Release|Any CPU
		{F3CC9ABA-1975-4190-ACEE-2FC90F8ABD76}.Debug|Any CPU.ActiveCfg = Debug|Any CPU
		{F3CC9ABA-1975-4190-ACEE-2FC90F8ABD76}.Debug|Any CPU.Build.0 = Debug|Any CPU
		{F3CC9ABA-1975-4190-ACEE-2FC90F8ABD76}.Local Development|Any CPU.ActiveCfg = Debug|Any CPU
		{F3CC9ABA-1975-4190-ACEE-2FC90F8ABD76}.Local Development|Any CPU.Build.0 = Debug|Any CPU
		{F3CC9ABA-1975-4190-ACEE-2FC90F8ABD76}.Release|Any CPU.ActiveCfg = Release|Any CPU
		{F3CC9ABA-1975-4190-ACEE-2FC90F8ABD76}.Release|Any CPU.Build.0 = Release|Any CPU
	EndGlobalSection
	GlobalSection(SolutionProperties) = preSolution
		HideSolutionNode = FALSE
	EndGlobalSection
	GlobalSection(ExtensibilityGlobals) = postSolution
		SolutionGuid = {E94407C6-A856-40B2-A3A3-BF481D0BD8EB}
	EndGlobalSection
EndGlobal
